[[package]]
name = "cuda-bindings"
version = "12.9.4"
description = "Python bindings for CUDA"
category = "main"
optional = false
python-versions = "*"

[package.dependencies]
cuda-pathfinder = ">=1.1,<2.0"

[package.extras]
all = ["nvidia-cuda-nvcc-cu12", "nvidia-cuda-nvrtc-cu12", "nvidia-nvjitlink-cu12 (>=12.3)", "nvidia-cufile-cu12"]
test = ["cython (>=3.1,<3.2)", "setuptools (>=77.0.0)", "numpy (>=1.21.1)", "pytest (>=6.2.4)", "pytest-benchmark (>=3.4.1)", "pyglet (>=2.1.9)"]

[[package]]
name = "cuda-pathfinder"
version = "1.3.3"
description = "Pathfinder for CUDA components"
category = "main"
optional = false
python-versions = ">=3.10"

[[package]]
name = "filelock"
version = "3.20.3"
description = "A platform independent file lock."
category = "main"
optional = false
python-versions = ">=3.10"

[[package]]
name = "fsspec"
version = "2026.1.0"
description = "File-system specification"
category = "main"
optional = false
python-versions = ">=3.10"

[package.extras]
abfs = ["adlfs"]
adl = ["adlfs"]
arrow = ["pyarrow (>=1)"]
dask = ["dask", "distributed"]
dev = ["pre-commit", "ruff (>=0.5)"]
doc = ["numpydoc", "sphinx", "sphinx-design", "sphinx-rtd-theme", "yarl"]
dropbox = ["dropbox", "dropboxdrivefs", "requests"]
full = ["adlfs", "aiohttp (!=4.0.0a0,!=4.0.0a1)", "dask", "distributed", "dropbox", "dropboxdrivefs", "fusepy", "gcsfs (>2024.2.0)", "libarchive-c", "ocifs", "panel", "paramiko", "pyarrow (>=1)", "pygit2", "requests", "s3fs (>2024.2.0)", "smbprotocol", "tqdm"]
fuse = ["fusepy"]
gcs = ["gcsfs"]
git = ["pygit2"]
github = ["requests"]
gs = ["gcsfs"]
gui = ["panel"]
hdfs = ["pyarrow (>=1)"]
http = ["aiohttp (!=4.0.0a0,!=4.0.0a1)"]
libarchive = ["libarchive-c"]
oci = ["ocifs"]
s3 = ["s3fs"]
sftp = ["paramiko"]
smb = ["smbprotocol"]
ssh = ["paramiko"]
test = ["aiohttp (!=4.0.0a0,!=4.0.0a1)", "numpy", "pytest", "pytest-asyncio (!=0.22.0)", "pytest-benchmark", "pytest-cov", "pytest-mock", "pytest-recording", "pytest-rerunfailures", "requests"]
test-downstream = ["aiobotocore (>=2.5.4,<3.0.0)", "dask", "moto[server] (>4,<5)", "pytest-timeout", "xarray"]
test-full = ["adlfs", "aiohttp (!=4.0.0a0,!=4.0.0a1)", "backports-zstd", "cloudpickle", "dask", "distributed", "dropbox", "dropboxdrivefs", "fastparquet", "fusepy", "gcsfs", "jinja2", "kerchunk", "libarchive-c", "lz4", "notebook", "numpy", "ocifs", "pandas", "panel", "paramiko", "pyarrow", "pyarrow (>=1)", "pyftpdlib", "pygit2", "pytest", "pytest-asyncio (!=0.22.0)", "pytest-benchmark", "pytest-cov", "pytest-mock", "pytest-recording", "pytest-rerunfailures", "python-snappy", "requests", "smbprotocol", "tqdm", "urllib3", "zarr"]
tqdm = ["tqdm"]

[[package]]
name = "jinja2"
version = "3.1.6"
description = "A very fast and expressive template engine."
category = "main"
optional = false
python-versions = ">=3.7"

[package.dependencies]
MarkupSafe = ">=2.0"

[package.extras]
i18n = ["Babel (>=2.7)"]

[[package]]
name = "joblib"
version = "1.5.3"
description = "Lightweight pipelining with Python functions"
category = "main"
optional = false
python-versions = ">=3.9"

[[package]]
name = "markupsafe"
version = "3.0.3"
description = "Safely add untrusted strings to HTML/XML markup."
category = "main"
optional = false
python-versions = ">=3.9"

[[package]]
name = "mpmath"
version = "1.3.0"
description = "Python library for arbitrary-precision floating-point arithmetic"
category = "main"
optional = false
python-versions = "*"

[package.extras]
develop = ["pytest (>=4.6)", "pycodestyle", "pytest-cov", "codecov", "wheel"]
docs = ["sphinx"]
gmpy = ["gmpy2 (>=2.1.0a4)"]
tests = ["pytest (>=4.6)"]

[[package]]
name = "networkx"
version = "3.6"
description = "Python package for creating and manipulating graphs and networks"
category = "main"
optional = false
python-versions = ">=3.11"

[package.extras]
benchmarking = ["asv", "virtualenv"]
default = ["numpy (>=1.25)", "scipy (>=1.11.2)", "matplotlib (>=3.8)", "pandas (>=2.0)"]
developer = ["pre-commit (>=4.1)", "mypy (>=1.15)"]
doc = ["sphinx (>=8.0)", "pydata-sphinx-theme (>=0.16)", "sphinx-gallery (>=0.18)", "numpydoc (>=1.8.0)", "pillow (>=10)", "texext (>=0.6.7)", "myst-nb (>=1.1)", "intersphinx-registry"]
example = ["osmnx (>=2.0.0)", "momepy (>=0.7.2)", "contextily (>=1.6)", "seaborn (>=0.13)", "cairocffi (>=1.7)", "igraph (>=0.11)", "scikit-learn (>=1.5)", "iplotx (>=0.9.0)"]
extra = ["lxml (>=4.6)", "pygraphviz (>=1.14)", "pydot (>=3.0.1)", "sympy (>=1.10)"]
release = ["build (>=0.10)", "twine (>=4.0)", "wheel (>=0.40)", "changelist (==0.5)"]
test = ["pytest (>=7.2)", "pytest-cov (>=4.0)", "pytest-xdist (>=3.0)"]
test-extras = ["pytest-mpl", "pytest-randomly"]

[[package]]
name = "numpy"
version = "2.4.1"
description = "Fundamental package for array computing in Python"
category = "main"
optional = false
python-versions = ">=3.11"

[[package]]
name = "nvidia-cublas-cu12"
version = "12.8.4.1"
description = "CUBLAS native runtime libraries"
category = "main"
optional = false
python-versions = ">=3"

[[package]]
name = "nvidia-cuda-cupti-cu12"
version = "12.8.90"
description = "CUDA profiling tools runtime libs."
category = "main"
optional = false
python-versions = ">=3"

[[package]]
name = "nvidia-cuda-nvrtc-cu12"
version = "12.8.93"
description = "NVRTC native runtime libraries"
category = "main"
optional = false
python-versions = ">=3"

[[package]]
name = "nvidia-cuda-runtime-cu12"
version = "12.8.90"
description = "CUDA Runtime native Libraries"
category = "main"
optional = false
python-versions = ">=3"

[[package]]
name = "nvidia-cudnn-cu12"
version = "9.10.2.21"
description = "cuDNN runtime libraries"
category = "main"
optional = false
python-versions = ">=3"

[package.dependencies]
nvidia-cublas-cu12 = "*"

[[package]]
name = "nvidia-cufft-cu12"
version = "11.3.3.83"
description = "CUFFT native runtime libraries"
category = "main"
optional = false
python-versions = ">=3"

[package.dependencies]
nvidia-nvjitlink-cu12 = "*"

[[package]]
name = "nvidia-cufile-cu12"
version = "1.13.1.3"
description = "cuFile GPUDirect libraries"
category = "main"
optional = false
python-versions = ">=3"

[[package]]
name = "nvidia-curand-cu12"
version = "10.3.9.90"
description = "CURAND native runtime libraries"
category = "main"
optional = false
python-versions = ">=3"

[[package]]
name = "nvidia-cusolver-cu12"
version = "11.7.3.90"
description = "CUDA solver native runtime libraries"
category = "main"
optional = false
python-versions = ">=3"

[package.dependencies]
nvidia-cublas-cu12 = "*"
nvidia-cusparse-cu12 = "*"
nvidia-nvjitlink-cu12 = "*"

[[package]]
name = "nvidia-cusparse-cu12"
version = "12.5.8.93"
description = "CUSPARSE native runtime libraries"
category = "main"
optional = false
python-versions = ">=3"

[package.dependencies]
nvidia-nvjitlink-cu12 = "*"

[[package]]
name = "nvidia-cusparselt-cu12"
version = "0.7.1"
description = "NVIDIA cuSPARSELt"
category = "main"
optional = false
python-versions = "*"

[[package]]
name = "nvidia-nccl-cu12"
version = "2.27.5"
description = "NVIDIA Collective Communication Library (NCCL) Runtime"
category = "main"
optional = false
python-versions = ">=3"

[[package]]
name = "nvidia-nvjitlink-cu12"
version = "12.8.93"
description = "Nvidia JIT LTO Library"
category = "main"
optional = false
python-versions = ">=3"

[[package]]
name = "nvidia-nvshmem-cu12"
version = "3.4.5"
description = "NVSHMEM creates a global address space that provides efficient and scalable communication for NVIDIA GPU clusters."
category = "main"
optional = false
python-versions = ">=3"

[[package]]
name = "nvidia-nvtx-cu12"
version = "12.8.90"
description = "NVIDIA Tools Extension"
category = "main"
optional = false
python-versions = ">=3"

[[package]]
name = "pandas"
version = "3.0.0"
description = "Powerful data structures for data analysis, time series, and statistics"
category = "main"
optional = false
python-versions = ">=3.11"

[package.dependencies]
numpy = [
    {version = ">=1.26.0", markers = "python_version < \"3.14\""},
    {version = ">=2.3.3", markers = "python_version >= \"3.14\""},
]
python-dateutil = ">=2.8.2"
tzdata = {version = "*", markers = "sys_platform == \"win32\" or sys_platform == \"emscripten\""}

[package.extras]
test = ["hypothesis (>=6.116.0)", "pytest (>=8.3.4)", "pytest-xdist (>=3.6.1)"]
pyarrow = ["pyarrow (>=13.0.0)"]
performance = ["bottleneck (>=1.4.2)", "numba (>=0.60.0)", "numexpr (>=2.10.2)"]
computation = ["scipy (>=1.14.1)", "xarray (>=2024.10.0)"]
fss = ["fsspec (>=2024.10.0)"]
aws = ["s3fs (>=2024.10.0)"]
gcp = ["gcsfs (>=2024.10.0)"]
excel = ["odfpy (>=1.4.1)", "openpyxl (>=3.1.5)", "python-calamine (>=0.3.0)", "pyxlsb (>=1.0.10)", "xlrd (>=2.0.1)", "xlsxwriter (>=3.2.0)"]
parquet = ["pyarrow (>=13.0.0)"]
feather = ["pyarrow (>=13.0.0)"]
iceberg = ["pyiceberg (>=0.8.1)"]
hdf5 = ["tables (>=3.10.1)"]
spss = ["pyreadstat (>=1.2.8)"]
postgresql = ["SQLAlchemy (>=2.0.36)", "psycopg2 (>=2.9.10)", "adbc-driver-postgresql (>=1.2.0)"]
mysql = ["SQLAlchemy (>=2.0.36)", "pymysql (>=1.1.1)"]
sql-other = ["SQLAlchemy (>=2.0.36)", "adbc-driver-postgresql (>=1.2.0)", "adbc-driver-sqlite (>=1.2.0)"]
html = ["beautifulsoup4 (>=4.12.3)", "html5lib (>=1.1)", "lxml (>=5.3.0)"]
xml = ["lxml (>=5.3.0)"]
plot = ["matplotlib (>=3.9.3)"]
output-formatting = ["jinja2 (>=3.1.5)", "tabulate (>=0.9.0)"]
clipboard = ["PyQt5 (>=5.15.9)", "qtpy (>=2.4.2)"]
compression = ["zstandard (>=0.23.0)"]
timezone = ["pytz (>=2024.2)"]
all = ["adbc-driver-postgresql (>=1.2.0)", "adbc-driver-sqlite (>=1.2.0)", "beautifulsoup4 (>=4.12.3)", "bottleneck (>=1.4.2)", "fastparquet (>=2024.11.0)", "fsspec (>=2024.10.0)", "gcsfs (>=2024.10.0)", "html5lib (>=1.1)", "hypothesis (>=6.116.0)", "jinja2 (>=3.1.5)", "lxml (>=5.3.0)", "matplotlib (>=3.9.3)", "numba (>=0.60.0)", "numexpr (>=2.10.2)", "odfpy (>=1.4.1)", "openpyxl (>=3.1.5)", "psycopg2 (>=2.9.10)", "pyarrow (>=13.0.0)", "pyiceberg (>=0.8.1)", "pymysql (>=1.1.1)", "PyQt5 (>=5.15.9)", "pyreadstat (>=1.2.8)", "pytest (>=8.3.4)", "pytest-xdist (>=3.6.1)", "python-calamine (>=0.3.0)", "pytz (>=2024.2)", "pyxlsb (>=1.0.10)", "qtpy (>=2.4.2)", "scipy (>=1.14.1)", "s3fs (>=2024.10.0)", "SQLAlchemy (>=2.0.36)", "tables (>=3.10.1)", "tabulate (>=0.9.0)", "xarray (>=2024.10.0)", "xlrd (>=2.0.1)", "xlsxwriter (>=3.2.0)", "zstandard (>=0.23.0)"]

[[package]]
name = "python-dateutil"
version = "2.9.0.post0"
description = "Extensions to the standard Python datetime module"
category = "main"
optional = false
python-versions = "!=3.0.*,!=3.1.*,!=3.2.*,>=2.7"

[package.dependencies]
six = ">=1.5"

[[package]]
name = "scikit-learn"
version = "1.8.0"
description = "A set of python modules for machine learning and data mining"
category = "main"
optional = false
python-versions = ">=3.11"

[package.dependencies]
joblib = ">=1.3.0"
numpy = ">=1.24.1"
scipy = ">=1.10.0"
threadpoolctl = ">=3.2.0"

[package.extras]
build = ["numpy (>=1.24.1)", "scipy (>=1.10.0)", "cython (>=3.1.2)", "meson-python (>=0.17.1)"]
install = ["numpy (>=1.24.1)", "scipy (>=1.10.0)", "joblib (>=1.3.0)", "threadpoolctl (>=3.2.0)"]
benchmark = ["matplotlib (>=3.6.1)", "pandas (>=1.5.0)", "memory_profiler (>=0.57.0)"]
docs = ["matplotlib (>=3.6.1)", "scikit-image (>=0.22.0)", "pandas (>=1.5.0)", "seaborn (>=0.13.0)", "memory_profiler (>=0.57.0)", "sphinx (>=7.3.7)", "sphinx-copybutton (>=0.5.2)", "sphinx-gallery (>=0.17.1)", "numpydoc (>=1.2.0)", "Pillow (>=10.1.0)", "pooch (>=1.8.0)", "sphinx-prompt (>=1.4.0)", "sphinxext-opengraph (>=0.9.1)", "plotly (>=5.18.0)", "polars (>=0.20.30)", "sphinx-design (>=0.6.0)", "sphinxcontrib-sass (>=0.3.4)", "pydata-sphinx-theme (>=0.15.3)", "sphinx-remove-toctrees (>=1.0.0.post1)", "towncrier (>=24.8.0)"]
examples = ["matplotlib (>=3.6.1)", "scikit-image (>=0.22.0)", "pandas (>=1.5.0)", "seaborn (>=0.13.0)", "pooch (>=1.8.0)", "plotly (>=5.18.0)"]
tests = ["matplotlib (>=3.6.1)", "pandas (>=1.5.0)", "pytest (>=7.1.2)", "pytest-cov (>=2.9.0)", "ruff (>=0.11.7)", "mypy (>=1.15)", "pyamg (>=5.0.0)", "polars (>=0.20.30)", "pyarrow (>=12.0.0)", "numpydoc (>=1.2.0)", "pooch (>=1.8.0)"]
maintenance = ["conda-lock (==3.0.1)"]

[[package]]
name = "scipy"
version = "1.17.0"
description = "Fundamental algorithms for scientific computing in Python"
category = "main"
optional = false
python-versions = ">=3.11"

[package.dependencies]
numpy = ">=1.26.4,<2.7"

[package.extras]
test = ["pytest (>=8.0.0)", "pytest-cov", "pytest-timeout", "pytest-xdist", "asv", "mpmath", "gmpy2", "threadpoolctl", "scikit-umfpack", "pooch", "hypothesis (>=6.30)", "array-api-strict (>=2.3.1)", "cython", "meson", "ninja"]
doc = ["sphinx (>=5.0.0,<8.2.0)", "intersphinx-registry", "pydata-sphinx-theme (>=0.15.2)", "sphinx-copybutton", "sphinx-design (>=0.4.0)", "matplotlib (>=3.5)", "numpydoc", "jupytext", "myst-nb (>=1.2.0)", "pooch", "jupyterlite-sphinx (>=0.19.1)", "jupyterlite-pyodide-kernel", "linkify-it-py", "tabulate"]
dev = ["click (<8.3.0)", "spin", "mypy (==1.10.0)", "typing-extensions", "types-psutil", "pycodestyle", "ruff (>=0.12.0)", "cython-lint (>=0.12.2)"]

[[package]]
name = "six"
version = "1.17.0"
description = "Python 2 and 3 compatibility utilities"
category = "main"
optional = false
python-versions = "!=3.0.*,!=3.1.*,!=3.2.*,>=2.7"

[[package]]
name = "sympy"
version = "1.14.0"
description = "Computer algebra system (CAS) in Python"
category = "main"
optional = false
python-versions = ">=3.9"

[package.dependencies]
mpmath = ">=1.1.0,<1.4"

[package.extras]
dev = ["pytest (>=7.1.0)", "hypothesis (>=6.70.0)"]

[[package]]
name = "threadpoolctl"
version = "3.6.0"
description = "threadpoolctl"
category = "main"
optional = false
python-versions = ">=3.9"

[[package]]
name = "torch"
version = "2.10.0"
description = "Tensors and Dynamic neural networks in Python with strong GPU acceleration"
category = "main"
optional = false
python-versions = ">=3.10"

[package.dependencies]
cuda-bindings = {version = "12.9.4", markers = "platform_system == \"Linux\" and platform_machine == \"x86_64\""}
filelock = "*"
fsspec = ">=0.8.5"
jinja2 = "*"
networkx = ">=2.5.1"
nvidia-cublas-cu12 = {version = "12.8.4.1", markers = "platform_system == \"Linux\" and platform_machine == \"x86_64\""}
nvidia-cuda-cupti-cu12 = {version = "12.8.90", markers = "platform_system == \"Linux\" and platform_machine == \"x86_64\""}
nvidia-cuda-nvrtc-cu12 = {version = "12.8.93", markers = "platform_system == \"Linux\" and platform_machine == \"x86_64\""}
nvidia-cuda-runtime-cu12 = {version = "12.8.90", markers = "platform_system == \"Linux\" and platform_machine == \"x86_64\""}
nvidia-cudnn-cu12 = {version = "9.10.2.21", markers = "platform_system == \"Linux\" and platform_machine == \"x86_64\""}
nvidia-cufft-cu12 = {version = "11.3.3.83", markers = "platform_system == \"Linux\" and platform_machine == \"x86_64\""}
nvidia-cufile-cu12 = {version = "1.13.1.3", markers = "platform_system == \"Linux\" and platform_machine == \"x86_64\""}
nvidia-curand-cu12 = {version = "10.3.9.90", markers = "platform_system == \"Linux\" and platform_machine == \"x86_64\""}
nvidia-cusolver-cu12 = {version = "11.7.3.90", markers = "platform_system == \"Linux\" and platform_machine == \"x86_64\""}
nvidia-cusparse-cu12 = {version = "12.5.8.93", markers = "platform_system == \"Linux\" and platform_machine == \"x86_64\""}
nvidia-cusparselt-cu12 = {version = "0.7.1", markers = "platform_system == \"Linux\" and platform_machine == \"x86_64\""}
nvidia-nccl-cu12 = {version = "2.27.5", markers = "platform_system == \"Linux\" and platform_machine == \"x86_64\""}
nvidia-nvjitlink-cu12 = {version = "12.8.93", markers = "platform_system == \"Linux\" and platform_machine == \"x86_64\""}
nvidia-nvshmem-cu12 = {version = "3.4.5", markers = "platform_system == \"Linux\" and platform_machine == \"x86_64\""}
nvidia-nvtx-cu12 = {version = "12.8.90", markers = "platform_system == \"Linux\" and platform_machine == \"x86_64\""}
sympy = ">=1.13.3"
triton = {version = "3.6.0", markers = "platform_system == \"Linux\" and platform_machine == \"x86_64\""}
typing-extensions = ">=4.10.0"

[package.extras]
optree = ["optree (>=0.13.0)"]
opt-einsum = ["opt-einsum (>=3.3)"]
pyyaml = ["pyyaml"]

[[package]]
name = "triton"
version = "3.6.0"
description = "A language and compiler for custom Deep Learning operations"
category = "main"
optional = false
python-versions = "<3.15,>=3.10"

[package.extras]
build = ["cmake (>=3.20,<4.0)", "lit"]
tests = ["autopep8", "isort", "numpy", "pytest", "pytest-forked", "pytest-xdist", "scipy (>=1.7.1)", "llnl-hatchet"]
tutorials = ["matplotlib", "pandas", "tabulate"]

[[package]]
name = "typing-extensions"
version = "4.15.0"
description = "Backported and Experimental Type Hints for Python 3.9+"
category = "main"
optional = false
python-versions = ">=3.9"

[[package]]
name = "tzdata"
version = "2025.3"
description = "Provider of IANA time zone data"
category = "main"
optional = false
python-versions = ">=2"

[metadata]
lock-version = "1.1"
python-versions = ">=3.12,<3.15"
content-hash = "61a6866328522647683338374c2450ac88544c4df0e1d3d18d673b48796425b3"

[metadata.files]
cuda-bindings = []
cuda-pathfinder = []
filelock = []
fsspec = []
jinja2 = []
joblib = []
markupsafe = []
mpmath = []
networkx = []
numpy = []
nvidia-cublas-cu12 = []
nvidia-cuda-cupti-cu12 = []
nvidia-cuda-nvrtc-cu12 = []
nvidia-cuda-runtime-cu12 = []
nvidia-cudnn-cu12 = []
nvidia-cufft-cu12 = []
nvidia-cufile-cu12 = []
nvidia-curand-cu12 = []
nvidia-cusolver-cu12 = []
nvidia-cusparse-cu12 = []
nvidia-cusparselt-cu12 = []
nvidia-nccl-cu12 = []
nvidia-nvjitlink-cu12 = []
nvidia-nvshmem-cu12 = []
nvidia-nvtx-cu12 = []
pandas = []
python-dateutil = []
scikit-learn = []
scipy = []
six = []
sympy = []
threadpoolctl = []
torch = []
triton = []
typing-extensions = []
tzdata = []
